
Microsoft Visual Studio Solution File, Format Version 12.00
# Visual Studio Version 17
VisualStudioVersion = 17.0.31903.59
MinimumVisualStudioVersion = 10.0.40219.1
Project("{2150E333-8FDC-42A3-9474-1A3956D46DE8}") = "packages", "packages", "{809F86A1-1C4C-B159-0CD4-DF9D33D876CE}"
EndProject
Project("{2150E333-8FDC-42A3-9474-1A3956D46DE8}") = "learning-contract", "learning-contract", "{AD41168E-8B27-674F-CC35-B91CBF2EC744}"
EndProject
Project("{2150E333-8FDC-42A3-9474-1A3956D46DE8}") = "dotnet", "dotnet", "{77D9799F-6C63-AEDB-6D08-D425060BCFE8}"
EndProject
Project("{FAE04EC0-301F-11D3-BF4B-00C04F79EFBC}") = "FdeTutor.Contracts", "packages\learning-contract\dotnet\FdeTutor.Contracts.csproj", "{FE59AD74-1F86-47F2-9707-0CE5821349D5}"
EndProject
Project("{2150E333-8FDC-42A3-9474-1A3956D46DE8}") = "platform-domain", "platform-domain", "{02A3C66B-4C2F-1E9D-25C7-3D8CE94D981E}"
EndProject
Project("{FAE04EC0-301F-11D3-BF4B-00C04F79EFBC}") = "FdeTutor.Domain", "packages\platform-domain\FdeTutor.Domain.csproj", "{F7F0E3F7-2E47-4CBB-96F2-2856CAD109B8}"
EndProject
Project("{2150E333-8FDC-42A3-9474-1A3956D46DE8}") = "platform-persistence", "platform-persistence", "{9ACF4DA4-C9D3-A67B-CCF9-E827F7241EA5}"
EndProject
Project("{FAE04EC0-301F-11D3-BF4B-00C04F79EFBC}") = "FdeTutor.Persistence", "packages\platform-persistence\FdeTutor.Persistence.csproj", "{AC6BA4B9-523C-4D7A-B854-9D86964B9287}"
EndProject
Project("{2150E333-8FDC-42A3-9474-1A3956D46DE8}") = "apps", "apps", "{1787FE1D-075E-9E68-7218-25F1BD1BBEAB}"
EndProject
Project("{2150E333-8FDC-42A3-9474-1A3956D46DE8}") = "platform-api", "platform-api", "{C7D137AE-DFDF-2073-CDBE-630EC8333DBF}"
EndProject
Project("{FAE04EC0-301F-11D3-BF4B-00C04F79EFBC}") = "FdeTutor.Api", "apps\platform-api\FdeTutor.Api.csproj", "{1F2835D7-A44D-4540-961A-339654C35CEF}"
EndProject
Project("{2150E333-8FDC-42A3-9474-1A3956D46DE8}") = "services", "services", "{5854FF58-B8C5-05C6-5BF2-ACE42193F22B}"
EndProject
Project("{2150E333-8FDC-42A3-9474-1A3956D46DE8}") = "projection-worker", "projection-worker", "{2A8822C1-2D76-6DF9-E72A-6101019C610F}"
EndProject
Project("{FAE04EC0-301F-11D3-BF4B-00C04F79EFBC}") = "FdeTutor.ProjectionWorker", "services\projection-worker\FdeTutor.ProjectionWorker.csproj", "{A6FC4360-1E8F-4CA2-AEFA-4050983CA8C2}"
EndProject
Project("{2150E333-8FDC-42A3-9474-1A3956D46DE8}") = "tests", "tests", "{0AB3BF05-4346-4AA6-1389-037BE0695223}"
EndProject
Project("{FAE04EC0-301F-11D3-BF4B-00C04F79EFBC}") = "FdeTutor.Domain.Tests", "tests\FdeTutor.Domain.Tests\FdeTutor.Domain.Tests.csproj", "{6F0E90CF-D9B9-4036-A950-AA7B95BCA0C2}"
EndProject
Project("{FAE04EC0-301F-11D3-BF4B-00C04F79EFBC}") = "FdeTutor.Api.Tests", "tests\FdeTutor.Api.Tests\FdeTutor.Api.Tests.csproj", "{248A7C1F-3519-48F4-96CE-3A547D338911}"
EndProject
Project("{FAE04EC0-301F-11D3-BF4B-00C04F79EFBC}") = "FdeTutor.Persistence.Tests", "tests\FdeTutor.Persistence.Tests\FdeTutor.Persistence.Tests.csproj", "{4D628733-01A1-40A0-91C4-00F5DBCD5691}"
EndProject
Project("{2150E333-8FDC-42A3-9474-1A3956D46DE8}") = "tools", "tools", "{07C2787E-EAC7-C090-1BA3-A61EC2A24D84}"
EndProject
Project("{FAE04EC0-301F-11D3-BF4B-00C04F79EFBC}") = "FdeTutor.PersistenceEvidence", "tools\FdeTutor.PersistenceEvidence\FdeTutor.PersistenceEvidence.csproj", "{05375216-9760-47F1-A0CE-757E2FE0E673}"
EndProject
Global
	GlobalSection(SolutionConfigurationPlatforms) = preSolution
		Debug|Any CPU = Debug|Any CPU
		Debug|x64 = Debug|x64
		Debug|x86 = Debug|x86
		Release|Any CPU = Release|Any CPU
		Release|x64 = Release|x64
		Release|x86 = Release|x86
	EndGlobalSection
	GlobalSection(ProjectConfigurationPlatforms) = postSolution
		{FE59AD74-1F86-47F2-9707-0CE5821349D5}.Debug|Any CPU.ActiveCfg = Debug|Any CPU
		{FE59AD74-1F86-47F2-9707-0CE5821349D5}.Debug|Any CPU.Build.0 = Debug|Any CPU
		{FE59AD74-1F86-47F2-9707-0CE5821349D5}.Debug|x64.ActiveCfg = Debug|Any CPU
		{FE59AD74-1F86-47F2-9707-0CE5821349D5}.Debug|x64.Build.0 = Debug|Any CPU
		{FE59AD74-1F86-47F2-9707-0CE5821349D5}.Debug|x86.ActiveCfg = Debug|Any CPU
		{FE59AD74-1F86-47F2-9707-0CE5821349D5}.Debug|x86.Build.0 = Debug|Any CPU
		{FE59AD74-1F86-47F2-9707-0CE5821349D5}.Release|Any CPU.ActiveCfg = Release|Any CPU
		{FE59AD74-1F86-47F2-9707-0CE5821349D5}.Release|Any CPU.Build.0 = Release|Any CPU
		{FE59AD74-1F86-47F2-9707-0CE5821349D5}.Release|x64.ActiveCfg = Release|Any CPU
		{FE59AD74-1F86-47F2-9707-0CE5821349D5}.Release|x64.Build.0 = Release|Any CPU
		{FE59AD74-1F86-47F2-9707-0CE5821349D5}.Release|x86.ActiveCfg = Release|Any CPU
		{FE59AD74-1F86-47F2-9707-0CE5821349D5}.Release|x86.Build.0 = Release|Any CPU
		{F7F0E3F7-2E47-4CBB-96F2-2856CAD109B8}.Debug|Any CPU.ActiveCfg = Debug|Any CPU
		{F7F0E3F7-2E47-4CBB-96F2-2856CAD109B8}.Debug|Any CPU.Build.0 = Debug|Any CPU
		{F7F0E3F7-2E47-4CBB-96F2-2856CAD109B8}.Debug|x64.ActiveCfg = Debug|Any CPU
		{F7F0E3F7-2E47-4CBB-96F2-2856CAD109B8}.Debug|x64.Build.0 = Debug|Any CPU
		{F7F0E3F7-2E47-4CBB-96F2-2856CAD109B8}.Debug|x86.ActiveCfg = Debug|Any CPU
		{F7F0E3F7-2E47-4CBB-96F2-2856CAD109B8}.Debug|x86.Build.0 = Debug|Any CPU
		{F7F0E3F7-2E47-4CBB-96F2-2856CAD109B8}.Release|Any CPU.ActiveCfg = Release|Any CPU
		{F7F0E3F7-2E47-4CBB-96F2-2856CAD109B8}.Release|Any CPU.Build.0 = Release|Any CPU
		{F7F0E3F7-2E47-4CBB-96F2-2856CAD109B8}.Release|x64.ActiveCfg = Release|Any CPU
		{F7F0E3F7-2E47-4CBB-96F2-2856CAD109B8}.Release|x64.Build.0 = Release|Any CPU
		{F7F0E3F7-2E47-4CBB-96F2-2856CAD109B8}.Release|x86.ActiveCfg = Release|Any CPU
		{F7F0E3F7-2E47-4CBB-96F2-2856CAD109B8}.Release|x86.Build.0 = Release|Any CPU
		{AC6BA4B9-523C-4D7A-B854-9D86964B9287}.Debug|Any CPU.ActiveCfg = Debug|Any CPU
		{AC6BA4B9-523C-4D7A-B854-9D86964B9287}.Debug|Any CPU.Build.0 = Debug|Any CPU
		{AC6BA4B9-523C-4D7A-B854-9D86964B9287}.Debug|x64.ActiveCfg = Debug|Any CPU
		{AC6BA4B9-523C-4D7A-B854-9D86964B9287}.Debug|x64.Build.0 = Debug|Any CPU
		{AC6BA4B9-523C-4D7A-B854-9D86964B9287}.Debug|x86.ActiveCfg = Debug|Any CPU
		{AC6BA4B9-523C-4D7A-B854-9D86964B9287}.Debug|x86.Build.0 = Debug|Any CPU
		{AC6BA4B9-523C-4D7A-B854-9D86964B9287}.Release|Any CPU.ActiveCfg = Release|Any CPU
		{AC6BA4B9-523C-4D7A-B854-9D86964B9287}.Release|Any CPU.Build.0 = Release|Any CPU
		{AC6BA4B9-523C-4D7A-B854-9D86964B9287}.Release|x64.ActiveCfg = Release|Any CPU
		{AC6BA4B9-523C-4D7A-B854-9D86964B9287}.Release|x64.Build.0 = Release|Any CPU
		{AC6BA4B9-523C-4D7A-B854-9D86964B9287}.Release|x86.ActiveCfg = Release|Any CPU
		{AC6BA4B9-523C-4D7A-B854-9D86964B9287}.Release|x86.Build.0 = Release|Any CPU
		{1F2835D7-A44D-4540-961A-339654C35CEF}.Debug|Any CPU.ActiveCfg = Debug|Any CPU
		{1F2835D7-A44D-4540-961A-339654C35CEF}.Debug|Any CPU.Build.0 = Debug|Any CPU
		{1F2835D7-A44D-4540-961A-339654C35CEF}.Debug|x64.ActiveCfg = Debug|Any CPU
		{1F2835D7-A44D-4540-961A-339654C35CEF}.Debug|x64.Build.0 = Debug|Any CPU
		{1F2835D7-A44D-4540-961A-339654C35CEF}.Debug|x86.ActiveCfg = Debug|Any CPU
		{1F2835D7-A44D-4540-961A-339654C35CEF}.Debug|x86.Build.0 = Debug|Any CPU
		{1F2835D7-A44D-4540-961A-339654C35CEF}.Release|Any CPU.ActiveCfg = Release|Any CPU
		{1F2835D7-A44D-4540-961A-339654C35CEF}.Release|Any CPU.Build.0 = Release|Any CPU
		{1F2835D7-A44D-4540-961A-339654C35CEF}.Release|x64.ActiveCfg = Release|Any CPU
		{1F2835D7-A44D-4540-961A-339654C35CEF}.Release|x64.Build.0 = Release|Any CPU
		{1F2835D7-A44D-4540-961A-339654C35CEF}.Release|x86.ActiveCfg = Release|Any CPU
		{1F2835D7-A44D-4540-961A-339654C35CEF}.Release|x86.Build.0 = Release|Any CPU
		{A6FC4360-1E8F-4CA2-AEFA-4050983CA8C2}.Debug|Any CPU.ActiveCfg = Debug|Any CPU
		{A6FC4360-1E8F-4CA2-AEFA-4050983CA8C2}.Debug|Any CPU.Build.0 = Debug|Any CPU
		{A6FC4360-1E8F-4CA2-AEFA-4050983CA8C2}.Debug|x64.ActiveCfg = Debug|Any CPU
		{A6FC4360-1E8F-4CA2-AEFA-4050983CA8C2}.Debug|x64.Build.0 = Debug|Any CPU
		{A6FC4360-1E8F-4CA2-AEFA-4050983CA8C2}.Debug|x86.ActiveCfg = Debug|Any CPU
		{A6FC4360-1E8F-4CA2-AEFA-4050983CA8C2}.Debug|x86.Build.0 = Debug|Any CPU
		{A6FC4360-1E8F-4CA2-AEFA-4050983CA8C2}.Release|Any CPU.ActiveCfg = Release|Any CPU
		{A6FC4360-1E8F-4CA2-AEFA-4050983CA8C2}.Release|Any CPU.Build.0 = Release|Any CPU
		{A6FC4360-1E8F-4CA2-AEFA-4050983CA8C2}.Release|x64.ActiveCfg = Release|Any CPU
		{A6FC4360-1E8F-4CA2-AEFA-4050983CA8C2}.Release|x64.Build.0 = Release|Any CPU
		{A6FC4360-1E8F-4CA2-AEFA-4050983CA8C2}.Release|x86.ActiveCfg = Release|Any CPU
		{A6FC4360-1E8F-4CA2-AEFA-4050983CA8C2}.Release|x86.Build.0 = Release|Any CPU
		{6F0E90CF-D9B9-4036-A950-AA7B95BCA0C2}.Debug|Any CPU.ActiveCfg = Debug|Any CPU
		{6F0E90CF-D9B9-4036-A950-AA7B95BCA0C2}.Debug|Any CPU.Build.0 = Debug|Any CPU
		{6F0E90CF-D9B9-4036-A950-AA7B95BCA0C2}.Debug|x64.ActiveCfg = Debug|Any CPU
		{6F0E90CF-D9B9-4036-A950-AA7B95BCA0C2}.Debug|x64.Build.0 = Debug|Any CPU
		{6F0E90CF-D9B9-4036-A950-AA7B95BCA0C2}.Debug|x86.ActiveCfg = Debug|Any CPU
		{6F0E90CF-D9B9-4036-A950-AA7B95BCA0C2}.Debug|x86.Build.0 = Debug|Any CPU
		{6F0E90CF-D9B9-4036-A950-AA7B95BCA0C2}.Release|Any CPU.ActiveCfg = Release|Any CPU
		{6F0E90CF-D9B9-4036-A950-AA7B95BCA0C2}.Release|Any CPU.Build.0 = Release|Any CPU
		{6F0E90CF-D9B9-4036-A950-AA7B95BCA0C2}.Release|x64.ActiveCfg = Release|Any CPU
		{6F0E90CF-D9B9-4036-A950-AA7B95BCA0C2}.Release|x64.Build.0 = Release|Any CPU
		{6F0E90CF-D9B9-4036-A950-AA7B95BCA0C2}.Release|x86.ActiveCfg = Release|Any CPU
		{6F0E90CF-D9B9-4036-A950-AA7B95BCA0C2}.Release|x86.Build.0 = Release|Any CPU
		{248A7C1F-3519-48F4-96CE-3A547D338911}.Debug|Any CPU.ActiveCfg = Debug|Any CPU
		{248A7C1F-3519-48F4-96CE-3A547D338911}.Debug|Any CPU.Build.0 = Debug|Any CPU
		{248A7C1F-3519-48F4-96CE-3A547D338911}.Debug|x64.ActiveCfg = Debug|Any CPU
		{248A7C1F-3519-48F4-96CE-3A547D338911}.Debug|x64.Build.0 = Debug|Any CPU
		{248A7C1F-3519-48F4-96CE-3A547D338911}.Debug|x86.ActiveCfg = Debug|Any CPU
		{248A7C1F-3519-48F4-96CE-3A547D338911}.Debug|x86.Build.0 = Debug|Any CPU
		{248A7C1F-3519-48F4-96CE-3A547D338911}.Release|Any CPU.ActiveCfg = Release|Any CPU
		{248A7C1F-3519-48F4-96CE-3A547D338911}.Release|Any CPU.Build.0 = Release|Any CPU
		{248A7C1F-3519-48F4-96CE-3A547D338911}.Release|x64.ActiveCfg = Release|Any CPU
		{248A7C1F-3519-48F4-96CE-3A547D338911}.Release|x64.Build.0 = Release|Any CPU
		{248A7C1F-3519-48F4-96CE-3A547D338911}.Release|x86.ActiveCfg = Release|Any CPU
		{248A7C1F-3519-48F4-96CE-3A547D338911}.Release|x86.Build.0 = Release|Any CPU
		{4D628733-01A1-40A0-91C4-00F5DBCD5691}.Debug|Any CPU.ActiveCfg = Debug|Any CPU
		{4D628733-01A1-40A0-91C4-00F5DBCD5691}.Debug|Any CPU.Build.0 = Debug|Any CPU
		{4D628733-01A1-40A0-91C4-00F5DBCD5691}.Debug|x64.ActiveCfg = Debug|Any CPU
		{4D628733-01A1-40A0-91C4-00F5DBCD5691}.Debug|x64.Build.0 = Debug|Any CPU
		{4D628733-01A1-40A0-91C4-00F5DBCD5691}.Debug|x86.ActiveCfg = Debug|Any CPU
		{4D628733-01A1-40A0-91C4-00F5DBCD5691}.Debug|x86.Build.0 = Debug|Any CPU
		{4D628733-01A1-40A0-91C4-00F5DBCD5691}.Release|Any CPU.ActiveCfg = Release|Any CPU
		{4D628733-01A1-40A0-91C4-00F5DBCD5691}.Release|Any CPU.Build.0 = Release|Any CPU
		{4D628733-01A1-40A0-91C4-00F5DBCD5691}.Release|x64.ActiveCfg = Release|Any CPU
		{4D628733-01A1-40A0-91C4-00F5DBCD5691}.Release|x64.Build.0 = Release|Any CPU
		{4D628733-01A1-40A0-91C4-00F5DBCD5691}.Release|x86.ActiveCfg = Release|Any CPU
		{4D628733-01A1-40A0-91C4-00F5DBCD5691}.Release|x86.Build.0 = Release|Any CPU
		{05375216-9760-47F1-A0CE-757E2FE0E673}.Debug|Any CPU.ActiveCfg = Debug|Any CPU
		{05375216-9760-47F1-A0CE-757E2FE0E673}.Debug|Any CPU.Build.0 = Debug|Any CPU
		{05375216-9760-47F1-A0CE-757E2FE0E673}.Debug|x64.ActiveCfg = Debug|Any CPU
		{05375216-9760-47F1-A0CE-757E2FE0E673}.Debug|x64.Build.0 = Debug|Any CPU
		{05375216-9760-47F1-A0CE-757E2FE0E673}.Debug|x86.ActiveCfg = Debug|Any CPU
		{05375216-9760-47F1-A0CE-757E2FE0E673}.Debug|x86.Build.0 = Debug|Any CPU
		{05375216-9760-47F1-A0CE-757E2FE0E673}.Release|Any CPU.ActiveCfg = Release|Any CPU
		{05375216-9760-47F1-A0CE-757E2FE0E673}.Release|Any CPU.Build.0 = Release|Any CPU
		{05375216-9760-47F1-A0CE-757E2FE0E673}.Release|x64.ActiveCfg = Release|Any CPU
		{05375216-9760-47F1-A0CE-757E2FE0E673}.Release|x64.Build.0 = Release|Any CPU
		{05375216-9760-47F1-A0CE-757E2FE0E673}.Release|x86.ActiveCfg = Release|Any CPU
		{05375216-9760-47F1-A0CE-757E2FE0E673}.Release|x86.Build.0 = Release|Any CPU
	EndGlobalSection
	GlobalSection(SolutionProperties) = preSolution
		HideSolutionNode = FALSE
	EndGlobalSection
	GlobalSection(NestedProjects) = preSolution
		{AD41168E-8B27-674F-CC35-B91CBF2EC744} = {809F86A1-1C4C-B159-0CD4-DF9D33D876CE}
		{77D9799F-6C63-AEDB-6D08-D425060BCFE8} = {AD41168E-8B27-674F-CC35-B91CBF2EC744}
		{FE59AD74-1F86-47F2-9707-0CE5821349D5} = {77D9799F-6C63-AEDB-6D08-D425060BCFE8}
		{02A3C66B-4C2F-1E9D-25C7-3D8CE94D981E} = {809F86A1-1C4C-B159-0CD4-DF9D33D876CE}
		{F7F0E3F7-2E47-4CBB-96F2-2856CAD109B8} = {02A3C66B-4C2F-1E9D-25C7-3D8CE94D981E}
		{9ACF4DA4-C9D3-A67B-CCF9-E827F7241EA5} = {809F86A1-1C4C-B159-0CD4-DF9D33D876CE}
		{AC6BA4B9-523C-4D7A-B854-9D86964B9287} = {9ACF4DA4-C9D3-A67B-CCF9-E827F7241EA5}
		{C7D137AE-DFDF-2073-CDBE-630EC8333DBF} = {1787FE1D-075E-9E68-7218-25F1BD1BBEAB}
		{1F2835D7-A44D-4540-961A-339654C35CEF} = {C7D137AE-DFDF-2073-CDBE-630EC8333DBF}
		{2A8822C1-2D76-6DF9-E72A-6101019C610F} = {5854FF58-B8C5-05C6-5BF2-ACE42193F22B}
		{A6FC4360-1E8F-4CA2-AEFA-4050983CA8C2} = {2A8822C1-2D76-6DF9-E72A-6101019C610F}
		{6F0E90CF-D9B9-4036-A950-AA7B95BCA0C2} = {0AB3BF05-4346-4AA6-1389-037BE0695223}
		{248A7C1F-3519-48F4-96CE-3A547D338911} = {0AB3BF05-4346-4AA6-1389-037BE0695223}
		{4D628733-01A1-40A0-91C4-00F5DBCD5691} = {0AB3BF05-4346-4AA6-1389-037BE0695223}
		{05375216-9760-47F1-A0CE-757E2FE0E673} = {07C2787E-EAC7-C090-1BA3-A61EC2A24D84}
	EndGlobalSection
EndGlobal
